// !$*UTF8*$!
{
	archiveVersion = 1;
	classes = {
	};
	objectVersion = 55;
	objects = {

/* Begin PBXBuildFile section */
		BFA972A927C1BA980021747D /* PlantApp.swift in Sources */ = {isa = PBXBuildFile; fileRef = BFA972A827C1BA980021747D /* PlantApp.swift */; };
		BFA972AB27C1BA980021747D /* ContentView.swift in Sources */ = {isa = PBXBuildFile; fileRef = BFA972AA27C1BA980021747D /* ContentView.swift */; };
		BFA972AD27C1BA990021747D /* Assets.xcassets in Resources */ = {isa = PBXBuildFile; fileRef = BFA972AC27C1BA990021747D /* Assets.xcassets */; };
		BFA972B027C1BA990021747D /* Preview Assets.xcassets in Resources */ = {isa = PBXBuildFile; fileRef = BFA972AF27C1BA990021747D /* Preview Assets.xcassets */; };
		BFA972B227C1BA990021747D /* Persistence.swift in Sources */ = {isa = PBXBuildFile; fileRef = BFA972B127C1BA990021747D /* Persistence.swift */; };
		BFA972B527C1BA990021747D /* Plant.xcdatamodeld in Sources */ = {isa = PBXBuildFile; fileRef = BFA972B327C1BA990021747D /* Plant.xcdatamodeld */; };
		BFA972BF27C1BA990021747D /* PlantTests.swift in Sources */ = {isa = PBXBuildFile; fileRef = BFA972BE27C1BA990021747D /* PlantTests.swift */; };
		BFA972C927C1BA9A0021747D /* PlantUITests.swift in Sources */ = {isa = PBXBuildFile; fileRef = BFA972C827C1BA9A0021747D /* PlantUITests.swift */; };
		BFA972CB27C1BA9A0021747D /* PlantUITestsLaunchTests.swift in Sources */ = {isa = PBXBuildFile; fileRef = BFA972CA27C1BA9A0021747D /* PlantUITestsLaunchTests.swift */; };
		BFA9732127C1BCB60021747D /* ImagePicker.swift in Sources */ = {isa = PBXBuildFile; fileRef = BFA9732027C1BCB60021747D /* ImagePicker.swift */; };
		BFA9732527C1C6230021747D /* InvasivePlants.mlmodel in Sources */ = {isa = PBXBuildFile; fileRef = BFA9732427C1C6230021747D /* InvasivePlants.mlmodel */; };
		BFA9732727C1C7350021747D /* ImageClassifier.swift in Sources */ = {isa = PBXBuildFile; fileRef = BFA9732627C1C7350021747D /* ImageClassifier.swift */; };
		BFA9732927C1CA180021747D /* Classifier.swift in Sources */ = {isa = PBXBuildFile; fileRef = BFA9732827C1CA180021747D /* Classifier.swift */; };
		BFA9732D27C1CEF00021747D /* HomeView.swift in Sources */ = {isa = PBXBuildFile; fileRef = BFA9732C27C1CEF00021747D /* HomeView.swift */; };
/* End PBXBuildFile section */

/* Begin PBXContainerItemProxy section */
		BFA972BB27C1BA990021747D /* PBXContainerItemProxy */ = {
			isa = PBXContainerItemProxy;
			containerPortal = BFA9729D27C1BA980021747D /* Project object */;
			proxyType = 1;
			remoteGlobalIDString = BFA972A427C1BA980021747D;
			remoteInfo = Plant;
		};
		BFA972C527C1BA9A0021747D /* PBXContainerItemProxy */ = {
			isa = PBXContainerItemProxy;
			containerPortal = BFA9729D27C1BA980021747D /* Project object */;
			proxyType = 1;
			remoteGlobalIDString = BFA972A427C1BA980021747D;
			remoteInfo = Plant;
		};
/* End PBXContainerItemProxy section */

/* Begin PBXFileReference section */
		BFA972A527C1BA980021747D /* Plant.app */ = {isa = PBXFileReference; explicitFileType = wrapper.application; includeInIndex = 0; path = Plant.app; sourceTree = BUILT_PRODUCTS_DIR; };
		BFA972A827C1BA980021747D /* PlantApp.swift */ = {isa = PBXFileReference; lastKnownFileType = sourcecode.swift; path = PlantApp.swift; sourceTree = "<group>"; };
		BFA972AA27C1BA980021747D /* ContentView.swift */ = {isa = PBXFileReference; lastKnownFileType = sourcecode.swift; path = ContentView.swift; sourceTree = "<group>"; };
		BFA972AC27C1BA990021747D /* Assets.xcassets */ = {isa = PBXFileReference; lastKnownFileType = folder.assetcatalog; path = Assets.xcassets; sourceTree = "<group>"; };
		BFA972AF27C1BA990021747D /* Preview Assets.xcassets */ = {isa = PBXFileReference; lastKnownFileType = folder.assetcatalog; path = "Preview Assets.xcassets"; sourceTree = "<group>"; };
		BFA972B127C1BA990021747D /* Persistence.swift */ = {isa = PBXFileReference; lastKnownFileType = sourcecode.swift; path = Persistence.swift; sourceTree = "<group>"; };
		BFA972B427C1BA990021747D /* Plant.xcdatamodel */ = {isa = PBXFileReference; lastKnownFileType = wrapper.xcdatamodel; path = Plant.xcdatamodel; sourceTree = "<group>"; };
		BFA972BA27C1BA990021747D /* PlantTests.xctest */ = {isa = PBXFileReference; explicitFileType = wrapper.cfbundle; includeInIndex = 0; path = PlantTests.xctest; sourceTree = BUILT_PRODUCTS_DIR; };
		BFA972BE27C1BA990021747D /* PlantTests.swift */ = {isa = PBXFileReference; lastKnownFileType = sourcecode.swift; path = PlantTests.swift; sourceTree = "<group>"; };
		BFA972C427C1BA9A0021747D /* PlantUITests.xctest */ = {isa = PBXFileReference; explicitFileType = wrapper.cfbundle; includeInIndex = 0; path = PlantUITests.xctest; sourceTree = BUILT_PRODUCTS_DIR; };
		BFA972C827C1BA9A0021747D /* PlantUITests.swift */ = {isa = PBXFileReference; lastKnownFileType = sourcecode.swift; path = PlantUITests.swift; sourceTree = "<group>"; };
		BFA972CA27C1BA9A0021747D /* PlantUITestsLaunchTests.swift */ = {isa = PBXFileReference; lastKnownFileType = sourcecode.swift; path = PlantUITestsLaunchTests.swift; sourceTree = "<group>"; };
		BFA9732027C1BCB60021747D /* ImagePicker.swift */ = {isa = PBXFileReference; lastKnownFileType = sourcecode.swift; path = ImagePicker.swift; sourceTree = "<group>"; };
		BFA9732427C1C6230021747D /* InvasivePlants.mlmodel */ = {isa = PBXFileReference; lastKnownFileType = file.mlmodel; path = InvasivePlants.mlmodel; sourceTree = "<group>"; };
		BFA9732627C1C7350021747D /* ImageClassifier.swift */ = {isa = PBXFileReference; lastKnownFileType = sourcecode.swift; path = ImageClassifier.swift; sourceTree = "<group>"; };
		BFA9732827C1CA180021747D /* Classifier.swift */ = {isa = PBXFileReference; fileEncoding = 4; lastKnownFileType = sourcecode.swift; path = Classifier.swift; sourceTree = "<group>"; };
		BFA9732C27C1CEF00021747D /* HomeView.swift */ = {isa = PBXFileReference; lastKnownFileType = sourcecode.swift; path = HomeView.swift; sourceTree = "<group>"; };
		BFA9733027C1D97E0021747D /* Info.plist */ = {isa = PBXFileReference; lastKnownFileType = text.plist; path = Info.plist; sourceTree = "<group>"; };
/* End PBXFileReference section */

/* Begin PBXFrameworksBuildPhase section */
		BFA972A227C1BA980021747D /* Frameworks */ = {
			isa = PBXFrameworksBuildPhase;
			buildActionMask = 2147483647;
			files = (
			);
			runOnlyForDeploymentPostprocessing = 0;
		};
		BFA972B727C1BA990021747D /* Frameworks */ = {
			isa = PBXFrameworksBuildPhase;
			buildActionMask = 2147483647;
			files = (
			);
			runOnlyForDeploymentPostprocessing = 0;
		};
		BFA972C127C1BA9A0021747D /* Frameworks */ = {
			isa = PBXFrameworksBuildPhase;
			buildActionMask = 2147483647;
			files = (
			);
			runOnlyForDeploymentPostprocessing = 0;
		};
/* End PBXFrameworksBuildPhase section */

/* Begin PBXGroup section */
		BFA9729C27C1BA980021747D = {
			isa = PBXGroup;
			children = (
				BFA972A727C1BA980021747D /* Plant Protect */,
				BFA972BD27C1BA990021747D /* PlantTests */,
				BFA972C727C1BA9A0021747D /* PlantUITests */,
				BFA972A627C1BA980021747D /* Products */,
			);
			sourceTree = "<group>";
		};
		BFA972A627C1BA980021747D /* Products */ = {
			isa = PBXGroup;
			children = (
				BFA972A527C1BA980021747D /* Plant.app */,
				BFA972BA27C1BA990021747D /* PlantTests.xctest */,
				BFA972C427C1BA9A0021747D /* PlantUITests.xctest */,
			);
			name = Products;
			sourceTree = "<group>";
		};
		BFA972A727C1BA980021747D /* Plant Protect */ = {
			isa = PBXGroup;
			children = (
				BFA9733027C1D97E0021747D /* Info.plist */,
				BFA972A827C1BA980021747D /* PlantApp.swift */,
				BFA9732827C1CA180021747D /* Classifier.swift */,
				BFA972AA27C1BA980021747D /* ContentView.swift */,
				BFA9732C27C1CEF00021747D /* HomeView.swift */,
				BFA9732027C1BCB60021747D /* ImagePicker.swift */,
				BFA9732627C1C7350021747D /* ImageClassifier.swift */,
				BFA9732427C1C6230021747D /* InvasivePlants.mlmodel */,
				BFA972AC27C1BA990021747D /* Assets.xcassets */,
				BFA972B127C1BA990021747D /* Persistence.swift */,
				BFA972B327C1BA990021747D /* Plant.xcdatamodeld */,
				BFA972AE27C1BA990021747D /* Preview Content */,
			);
			path = "Plant Protect";
			sourceTree = "<group>";
		};
		BFA972AE27C1BA990021747D /* Preview Content */ = {
			isa = PBXGroup;
			children = (
				BFA972AF27C1BA990021747D /* Preview Assets.xcassets */,
			);
			path = "Preview Content";
			sourceTree = "<group>";
		};
		BFA972BD27C1BA990021747D /* PlantTests */ = {
			isa = PBXGroup;
			children = (
				BFA972BE27C1BA990021747D /* PlantTests.swift */,
			);
			path = PlantTests;
			sourceTree = "<group>";
		};
		BFA972C727C1BA9A0021747D /* PlantUITests */ = {
			isa = PBXGroup;
			children = (
				BFA972C827C1BA9A0021747D /* PlantUITests.swift */,
				BFA972CA27C1BA9A0021747D /* PlantUITestsLaunchTests.swift */,
			);
			path = PlantUITests;
			sourceTree = "<group>";
		};
/* End PBXGroup section */

/* Begin PBXNativeTarget section */
		BFA972A427C1BA980021747D /* Plant */ = {
			isa = PBXNativeTarget;
			buildConfigurationList = BFA972CE27C1BA9A0021747D /* Build configuration list for PBXNativeTarget "Plant" */;
			buildPhases = (
				BFA972A127C1BA980021747D /* Sources */,
				BFA972A227C1BA980021747D /* Frameworks */,
				BFA972A327C1BA980021747D /* Resources */,
			);
			buildRules = (
			);
			dependencies = (
			);
			name = Plant;
			productName = Plant;
			productReference = BFA972A527C1BA980021747D /* Plant.app */;
			productType = "com.apple.product-type.application";
		};
		BFA972B927C1BA990021747D /* PlantTests */ = {
			isa = PBXNativeTarget;
			buildConfigurationList = BFA972D127C1BA9A0021747D /* Build configuration list for PBXNativeTarget "PlantTests" */;
			buildPhases = (
				BFA972B627C1BA990021747D /* Sources */,
				BFA972B727C1BA990021747D /* Frameworks */,
				BFA972B827C1BA990021747D /* Resources */,
			);
			buildRules = (
			);
			dependencies = (
				BFA972BC27C1BA990021747D /* PBXTargetDependency */,
			);
			name = PlantTests;
			productName = PlantTests;
			productReference = BFA972BA27C1BA990021747D /* PlantTests.xctest */;
			productType = "com.apple.product-type.bundle.unit-test";
		};
		BFA972C327C1BA9A0021747D /* PlantUITests */ = {
			isa = PBXNativeTarget;
			buildConfigurationList = BFA972D427C1BA9A0021747D /* Build configuration list for PBXNativeTarget "PlantUITests" */;
			buildPhases = (
				BFA972C027C1BA9A0021747D /* Sources */,
				BFA972C127C1BA9A0021747D /* Frameworks */,
				BFA972C227C1BA9A0021747D /* Resources */,
			);
			buildRules = (
			);
			dependencies = (
				BFA972C627C1BA9A0021747D /* PBXTargetDependency */,
			);
			name = PlantUITests;
			productName = PlantUITests;
			productReference = BFA972C427C1BA9A0021747D /* PlantUITests.xctest */;
			productType = "com.apple.product-type.bundle.ui-testing";
		};
/* End PBXNativeTarget section */

/* Begin PBXProject section */
		BFA9729D27C1BA980021747D /* Project object */ = {
			isa = PBXProject;
			attributes = {
				BuildIndependentTargetsInParallel = 1;
				LastSwiftUpdateCheck = 1320;
				LastUpgradeCheck = 1320;
				TargetAttributes = {
					BFA972A427C1BA980021747D = {
						CreatedOnToolsVersion = 13.2.1;
					};
					BFA972B927C1BA990021747D = {
						CreatedOnToolsVersion = 13.2.1;
						TestTargetID = BFA972A427C1BA980021747D;
					};
					BFA972C327C1BA9A0021747D = {
						CreatedOnToolsVersion = 13.2.1;
						TestTargetID = BFA972A427C1BA980021747D;
					};
				};
			};
			buildConfigurationList = BFA972A027C1BA980021747D /* Build configuration list for PBXProject "Plant Protect" */;
			compatibilityVersion = "Xcode 13.0";
			developmentRegion = en;
			hasScannedForEncodings = 0;
			knownRegions = (
				en,
				Base,
			);
			mainGroup = BFA9729C27C1BA980021747D;
			productRefGroup = BFA972A627C1BA980021747D /* Products */;
			projectDirPath = "";
			projectRoot = "";
			targets = (
				BFA972A427C1BA980021747D /* Plant */,
				BFA972B927C1BA990021747D /* PlantTests */,
				BFA972C327C1BA9A0021747D /* PlantUITests */,
			);
		};
/* End PBXProject section */

/* Begin PBXResourcesBuildPhase section */
		BFA972A327C1BA980021747D /* Resources */ = {
			isa = PBXResourcesBuildPhase;
			buildActionMask = 2147483647;
			files = (
				BFA972B027C1BA990021747D /* Preview Assets.xcassets in Resources */,
				BFA972AD27C1BA990021747D /* Assets.xcassets in Resources */,
			);
			runOnlyForDeploymentPostprocessing = 0;
		};
		BFA972B827C1BA990021747D /* Resources */ = {
			isa = PBXResourcesBuildPhase;
			buildActionMask = 2147483647;
			files = (
			);
			runOnlyForDeploymentPostprocessing = 0;
		};
		BFA972C227C1BA9A0021747D /* Resources */ = {
			isa = PBXResourcesBuildPhase;
			buildActionMask = 2147483647;
			files = (
			);
			runOnlyForDeploymentPostprocessing = 0;
		};
/* End PBXResourcesBuildPhase section */

/* Begin PBXSourcesBuildPhase section */
		BFA972A127C1BA980021747D /* Sources */ = {
			isa = PBXSourcesBuildPhase;
			buildActionMask = 2147483647;
			files = (
				BFA9732927C1CA180021747D /* Classifier.swift in Sources */,
				BFA9732727C1C7350021747D /* ImageClassifier.swift in Sources */,
				BFA972B227C1BA990021747D /* Persistence.swift in Sources */,
				BFA972B527C1BA990021747D /* Plant.xcdatamodeld in Sources */,
				BFA9732127C1BCB60021747D /* ImagePicker.swift in Sources */,
				BFA972AB27C1BA980021747D /* ContentView.swift in Sources */,
				BFA972A927C1BA980021747D /* PlantApp.swift in Sources */,
				BFA9732D27C1CEF00021747D /* HomeView.swift in Sources */,
				BFA9732527C1C6230021747D /* InvasivePlants.mlmodel in Sources */,
			);
			runOnlyForDeploymentPostprocessing = 0;
		};
		BFA972B627C1BA990021747D /* Sources */ = {
			isa = PBXSourcesBuildPhase;
			buildActionMask = 2147483647;
			files = (
				BFA972BF27C1BA990021747D /* PlantTests.swift in Sources */,
			);
			runOnlyForDeploymentPostprocessing = 0;
		};
		BFA972C027C1BA9A0021747D /* Sources */ = {
			isa = PBXSourcesBuildPhase;
			buildActionMask = 2147483647;
			files = (
				BFA972CB27C1BA9A0021747D /* PlantUITestsLaunchTests.swift in Sources */,
				BFA972C927C1BA9A0021747D /* PlantUITests.swift in Sources */,
			);
			runOnlyForDeploymentPostprocessing = 0;
		};
/* End PBXSourcesBuildPhase section */

/* Begin PBXTargetDependency section */
		BFA972BC27C1BA990021747D /* PBXTargetDependency */ = {
			isa = PBXTargetDependency;
			target = BFA972A427C1BA980021747D /* Plant */;
			targetProxy = BFA972BB27C1BA990021747D /* PBXContainerItemProxy */;
		};
		BFA972C627C1BA9A0021747D /* PBXTargetDependency */ = {
			isa = PBXTargetDependency;
			target = BFA972A427C1BA980021747D /* Plant */;
			targetProxy = BFA972C527C1BA9A0021747D /* PBXContainerItemProxy */;
		};
/* End PBXTargetDependency section */

/* Begin XCBuildConfiguration section */
		BFA972CC27C1BA9A0021747D /* Debug */ = {
			isa = XCBuildConfiguration;
			buildSettings = {
				ALWAYS_SEARCH_USER_PATHS = NO;
				CLANG_ANALYZER_NONNULL = YES;
				CLANG_ANALYZER_NUMBER_OBJECT_CONVERSION = YES_AGGRESSIVE;
				CLANG_CXX_LANGUAGE_STANDARD = "gnu++17";
				CLANG_CXX_LIBRARY = "libc++";
				CLANG_ENABLE_MODULES = YES;
				CLANG_ENABLE_OBJC_ARC = YES;
				CLANG_ENABLE_OBJC_WEAK = YES;
				CLANG_WARN_BLOCK_CAPTURE_AUTORELEASING = YES;
				CLANG_WARN_BOOL_CONVERSION = YES;
				CLANG_WARN_COMMA = YES;
				CLANG_WARN_CONSTANT_CONVERSION = YES;
				CLANG_WARN_DEPRECATED_OBJC_IMPLEMENTATIONS = YES;
				CLANG_WARN_DIRECT_OBJC_ISA_USAGE = YES_ERROR;
				CLANG_WARN_DOCUMENTATION_COMMENTS = YES;
				CLANG_WARN_EMPTY_BODY = YES;
				CLANG_WARN_ENUM_CONVERSION = YES;
				CLANG_WARN_INFINITE_RECURSION = YES;
				CLANG_WARN_INT_CONVERSION = YES;
				CLANG_WARN_NON_LITERAL_NULL_CONVERSION = YES;
				CLANG_WARN_OBJC_IMPLICIT_RETAIN_SELF = YES;
				CLANG_WARN_OBJC_LITERAL_CONVERSION = YES;
				CLANG_WARN_OBJC_ROOT_CLASS = YES_ERROR;
				CLANG_WARN_QUOTED_INCLUDE_IN_FRAMEWORK_HEADER = YES;
				CLANG_WARN_RANGE_LOOP_ANALYSIS = YES;
				CLANG_WARN_STRICT_PROTOTYPES = YES;
				CLANG_WARN_SUSPICIOUS_MOVE = YES;
				CLANG_WARN_UNGUARDED_AVAILABILITY = YES_AGGRESSIVE;
				CLANG_WARN_UNREACHABLE_CODE = YES;
				CLANG_WARN__DUPLICATE_METHOD_MATCH = YES;
				COPY_PHASE_STRIP = NO;
				DEBUG_INFORMATION_FORMAT = dwarf;
				ENABLE_STRICT_OBJC_MSGSEND = YES;
				ENABLE_TESTABILITY = YES;
				GCC_C_LANGUAGE_STANDARD = gnu11;
				GCC_DYNAMIC_NO_PIC = NO;
				GCC_NO_COMMON_BLOCKS = YES;
				GCC_OPTIMIZATION_LEVEL = 0;
				GCC_PREPROCESSOR_DEFINITIONS = (
					"DEBUG=1",
					"$(inherited)",
				);
				GCC_WARN_64_TO_32_BIT_CONVERSION = YES;
				GCC_WARN_ABOUT_RETURN_TYPE = YES_ERROR;
				GCC_WARN_UNDECLARED_SELECTOR = YES;
				GCC_WARN_UNINITIALIZED_AUTOS = YES_AGGRESSIVE;
				GCC_WARN_UNUSED_FUNCTION = YES;
				GCC_WARN_UNUSED_VARIABLE = YES;
				IPHONEOS_DEPLOYMENT_TARGET = 15.2;
				MTL_ENABLE_DEBUG_INFO = INCLUDE_SOURCE;
				MTL_FAST_MATH = YES;
				ONLY_ACTIVE_ARCH = YES;
				SDKROOT = iphoneos;
				SWIFT_ACTIVE_COMPILATION_CONDITIONS = DEBUG;
				SWIFT_OPTIMIZATION_LEVEL = "-Onone";
			};
			name = Debug;
		};
		BFA972CD27C1BA9A0021747D /* Release */ = {
			isa = XCBuildConfiguration;
			buildSettings = {
				ALWAYS_SEARCH_USER_PATHS = NO;
				CLANG_ANALYZER_NONNULL = YES;
				CLANG_ANALYZER_NUMBER_OBJECT_CONVERSION = YES_AGGRESSIVE;
				CLANG_CXX_LANGUAGE_STANDARD = "gnu++17";
				CLANG_CXX_LIBRARY = "libc++";
				CLANG_ENABLE_MODULES = YES;
				CLANG_ENABLE_OBJC_ARC = YES;
				CLANG_ENABLE_OBJC_WEAK = YES;
				CLANG_WARN_BLOCK_CAPTURE_AUTORELEASING = YES;
				CLANG_WARN_BOOL_CONVERSION = YES;
				CLANG_WARN_COMMA = YES;
				CLANG_WARN_CONSTANT_CONVERSION = YES;
				CLANG_WARN_DEPRECATED_OBJC_IMPLEMENTATIONS = YES;
				CLANG_WARN_DIRECT_OBJC_ISA_USAGE = YES_ERROR;
				CLANG_WARN_DOCUMENTATION_COMMENTS = YES;
				CLANG_WARN_EMPTY_BODY = YES;
				CLANG_WARN_ENUM_CONVERSION = YES;
				CLANG_WARN_INFINITE_RECURSION = YES;
				CLANG_WARN_INT_CONVERSION = YES;
				CLANG_WARN_NON_LITERAL_NULL_CONVERSION = YES;
				CLANG_WARN_OBJC_IMPLICIT_RETAIN_SELF = YES;
				CLANG_WARN_OBJC_LITERAL_CONVERSION = YES;
				CLANG_WARN_OBJC_ROOT_CLASS = YES_ERROR;
				CLANG_WARN_QUOTED_INCLUDE_IN_FRAMEWORK_HEADER = YES;
				CLANG_WARN_RANGE_LOOP_ANALYSIS = YES;
				CLANG_WARN_STRICT_PROTOTYPES = YES;
				CLANG_WARN_SUSPICIOUS_MOVE = YES;
				CLANG_WARN_UNGUARDED_AVAILABILITY = YES_AGGRESSIVE;
				CLANG_WARN_UNREACHABLE_CODE = YES;
				CLANG_WARN__DUPLICATE_METHOD_MATCH = YES;
				COPY_PHASE_STRIP = NO;
				DEBUG_INFORMATION_FORMAT = "dwarf-with-dsym";
				ENABLE_NS_ASSERTIONS = NO;
				ENABLE_STRICT_OBJC_MSGSEND = YES;
				GCC_C_LANGUAGE_STANDARD = gnu11;
				GCC_NO_COMMON_BLOCKS = YES;
				GCC_WARN_64_TO_32_BIT_CONVERSION = YES;
				GCC_WARN_ABOUT_RETURN_TYPE = YES_ERROR;
				GCC_WARN_UNDECLARED_SELECTOR = YES;
				GCC_WARN_UNINITIALIZED_AUTOS = YES_AGGRESSIVE;
				GCC_WARN_UNUSED_FUNCTION = YES;
				GCC_WARN_UNUSED_VARIABLE = YES;
				IPHONEOS_DEPLOYMENT_TARGET = 15.2;
				MTL_ENABLE_DEBUG_INFO = NO;
				MTL_FAST_MATH = YES;
				SDKROOT = iphoneos;
				SWIFT_COMPILATION_MODE = wholemodule;
				SWIFT_OPTIMIZATION_LEVEL = "-O";
				VALIDATE_PRODUCT = YES;
			};
			name = Release;
		};
		BFA972CF27C1BA9A0021747D /* Debug */ = {
			isa = XCBuildConfiguration;
			buildSettings = {
				ASSETCATALOG_COMPILER_APPICON_NAME = AppIcon;
				ASSETCATALOG_COMPILER_GLOBAL_ACCENT_COLOR_NAME = AccentColor;
				CODE_SIGN_STYLE = Automatic;
				CURRENT_PROJECT_VERSION = 1;
				DEVELOPMENT_ASSET_PATHS = "\"Plant/Preview Content\"";
				DEVELOPMENT_TEAM = S3M269KQRH;
				ENABLE_PREVIEWS = YES;
				GENERATE_INFOPLIST_FILE = YES;
				INFOPLIST_FILE = Plant/Info.plist;
				INFOPLIST_KEY_NSCameraUsageDescription = "Allow Camera";
				INFOPLIST_KEY_UIApplicationSceneManifest_Generation = YES;
				INFOPLIST_KEY_UIApplicationSupportsIndirectInputEvents = YES;
				INFOPLIST_KEY_UILaunchScreen_Generation = YES;
				INFOPLIST_KEY_UISupportedInterfaceOrientations_iPad = "UIInterfaceOrientationPortrait UIInterfaceOrientationPortraitUpsideDown UIInterfaceOrientationLandscapeLeft UIInterfaceOrientationLandscapeRight";
				INFOPLIST_KEY_UISupportedInterfaceOrientations_iPhone = "UIInterfaceOrientationPortrait UIInterfaceOrientationLandscapeLeft UIInterfaceOrientationLandscapeRight";
				LD_RUNPATH_SEARCH_PATHS = (
					"$(inherited)",
					"@executable_path/Frameworks",
				);
				MARKETING_VERSION = 1.0;
				PRODUCT_BUNDLE_IDENTIFIER = com.Plant.hackathon;
				PRODUCT_NAME = "$(TARGET_NAME)";
				SWIFT_EMIT_LOC_STRINGS = YES;
				SWIFT_VERSION = 5.0;
				TARGETED_DEVICE_FAMILY = "1,2";
			};
			name = Debug;
		};
		BFA972D027C1BA9A0021747D /* Release */ = {
			isa = XCBuildConfiguration;
			buildSettings = {
				ASSETCATALOG_COMPILER_APPICON_NAME = AppIcon;
				ASSETCATALOG_COMPILER_GLOBAL_ACCENT_COLOR_NAME = AccentColor;
				CODE_SIGN_STYLE = Automatic;
				CURRENT_PROJECT_VERSION = 1;
				DEVELOPMENT_ASSET_PATHS = "\"Plant/Preview Content\"";
				DEVELOPMENT_TEAM = S3M269KQRH;
				ENABLE_PREVIEWS = YES;
				GENERATE_INFOPLIST_FILE = YES;
				INFOPLIST_FILE = Plant/Info.plist;
				INFOPLIST_KEY_NSCameraUsageDescription = "Allow Camera";
				INFOPLIST_KEY_UIApplicationSceneManifest_Generation = YES;
				INFOPLIST_KEY_UIApplicationSupportsIndirectInputEvents = YES;
				INFOPLIST_KEY_UILaunchScreen_Generation = YES;
				INFOPLIST_KEY_UISupportedInterfaceOrientations_iPad = "UIInterfaceOrientationPortrait UIInterfaceOrientationPortraitUpsideDown UIInterfaceOrientationLandscapeLeft UIInterfaceOrientationLandscapeRight";
				INFOPLIST_KEY_UISupportedInterfaceOrientations_iPhone = "UIInterfaceOrientationPortrait UIInterfaceOrientationLandscapeLeft UIInterfaceOrientationLandscapeRight";
				LD_RUNPATH_SEARCH_PATHS = (
					"$(inherited)",
					"@executable_path/Frameworks",
				);
				MARKETING_VERSION = 1.0;
				PRODUCT_BUNDLE_IDENTIFIER = com.Plant.hackathon;
				PRODUCT_NAME = "$(TARGET_NAME)";
				SWIFT_EMIT_LOC_STRINGS = YES;
				SWIFT_VERSION = 5.0;
				TARGETED_DEVICE_FAMILY = "1,2";
			};
			name = Release;
		};
		BFA972D227C1BA9A0021747D /* Debug */ = {
			isa = XCBuildConfiguration;
			buildSettings = {
				ALWAYS_EMBED_SWIFT_STANDARD_LIBRARIES = YES;
				BUNDLE_LOADER = "$(TEST_HOST)";
				CODE_SIGN_STYLE = Automatic;
				CURRENT_PROJECT_VERSION = 1;
				DEVELOPMENT_TEAM = LXGF37426G;
				GENERATE_INFOPLIST_FILE = YES;
				IPHONEOS_DEPLOYMENT_TARGET = 15.2;
				MARKETING_VERSION = 1.0;
				PRODUCT_BUNDLE_IDENTIFIER = com.PlantTests;
				PRODUCT_NAME = "$(TARGET_NAME)";
				SWIFT_EMIT_LOC_STRINGS = NO;
				SWIFT_VERSION = 5.0;
				TARGETED_DEVICE_FAMILY = "1,2";
				TEST_HOST = "$(BUILT_PRODUCTS_DIR)/Plant.app/Plant";
			};
			name = Debug;
		};
		BFA972D327C1BA9A0021747D /* Release */ = {
			isa = XCBuildConfiguration;
			buildSettings = {
				ALWAYS_EMBED_SWIFT_STANDARD_LIBRARIES = YES;
				BUNDLE_LOADER = "$(TEST_HOST)";
				CODE_SIGN_STYLE = Automatic;
				CURRENT_PROJECT_VERSION = 1;
				DEVELOPMENT_TEAM = LXGF37426G;
				GENERATE_INFOPLIST_FILE = YES;
				IPHONEOS_DEPLOYMENT_TARGET = 15.2;
				MARKETING_VERSION = 1.0;
				PRODUCT_BUNDLE_IDENTIFIER = com.PlantTests;
				PRODUCT_NAME = "$(TARGET_NAME)";
				SWIFT_EMIT_LOC_STRINGS = NO;
				SWIFT_VERSION = 5.0;
				TARGETED_DEVICE_FAMILY = "1,2";
				TEST_HOST = "$(BUILT_PRODUCTS_DIR)/Plant.app/Plant";
			};
			name = Release;
		};
		BFA972D527C1BA9A0021747D /* Debug */ = {
			isa = XCBuildConfiguration;
			buildSettings = {
				ALWAYS_EMBED_SWIFT_STANDARD_LIBRARIES = YES;
				CODE_SIGN_STYLE = Automatic;
				CURRENT_PROJECT_VERSION = 1;
				DEVELOPMENT_TEAM = LXGF37426G;
				GENERATE_INFOPLIST_FILE = YES;
				MARKETING_VERSION = 1.0;
				PRODUCT_BUNDLE_IDENTIFIER = com.PlantUITests;
				PRODUCT_NAME = "$(TARGET_NAME)";
				SWIFT_EMIT_LOC_STRINGS = NO;
				SWIFT_VERSION = 5.0;
				TARGETED_DEVICE_FAMILY = "1,2";
				TEST_TARGET_NAME = Plant;
			};
			name = Debug;
		};
		BFA972D627C1BA9A0021747D /* Release */ = {
			isa = XCBuildConfiguration;
			buildSettings = {
				ALWAYS_EMBED_SWIFT_STANDARD_LIBRARIES = YES;
				CODE_SIGN_STYLE = Automatic;
				CURRENT_PROJECT_VERSION = 1;
				DEVELOPMENT_TEAM = LXGF37426G;
				GENERATE_INFOPLIST_FILE = YES;
				MARKETING_VERSION = 1.0;
				PRODUCT_BUNDLE_IDENTIFIER = com.PlantUITests;
				PRODUCT_NAME = "$(TARGET_NAME)";
				SWIFT_EMIT_LOC_STRINGS = NO;
				SWIFT_VERSION = 5.0;
				TARGETED_DEVICE_FAMILY = "1,2";
				TEST_TARGET_NAME = Plant;
			};
			name = Release;
		};
/* End XCBuildConfiguration section */

/* Begin XCConfigurationList section */
		BFA972A027C1BA980021747D /* Build configuration list for PBXProject "Plant Protect" */ = {
			isa = XCConfigurationList;
			buildConfigurations = (
				BFA972CC27C1BA9A0021747D /* Debug */,
				BFA972CD27C1BA9A0021747D /* Release */,
			);
			defaultConfigurationIsVisible = 0;
			defaultConfigurationName = Release;
		};
		BFA972CE27C1BA9A0021747D /* Build configuration list for PBXNativeTarget "Plant" */ = {
			isa = XCConfigurationList;
			buildConfigurations = (
				BFA972CF27C1BA9A0021747D /* Debug */,
				BFA972D027C1BA9A0021747D /* Release */,
			);
			defaultConfigurationIsVisible = 0;
			defaultConfigurationName = Release;
		};
		BFA972D127C1BA9A0021747D /* Build configuration list for PBXNativeTarget "PlantTests" */ = {
			isa = XCConfigurationList;
			buildConfigurations = (
				BFA972D227C1BA9A0021747D /* Debug */,
				BFA972D327C1BA9A0021747D /* Release */,
			);
			defaultConfigurationIsVisible = 0;
			defaultConfigurationName = Release;
		};
		BFA972D427C1BA9A0021747D /* Build configuration list for PBXNativeTarget "PlantUITests" */ = {
			isa = XCConfigurationList;
			buildConfigurations = (
				BFA972D527C1BA9A0021747D /* Debug */,
				BFA972D627C1BA9A0021747D /* Release */,
			);
			defaultConfigurationIsVisible = 0;
			defaultConfigurationName = Release;
		};
/* End XCConfigurationList section */

/* Begin XCVersionGroup section */
		BFA972B327C1BA990021747D /* Plant.xcdatamodeld */ = {
			isa = XCVersionGroup;
			children = (
				BFA972B427C1BA990021747D /* Plant.xcdatamodel */,
			);
			currentVersion = BFA972B427C1BA990021747D /* Plant.xcdatamodel */;
			path = Plant.xcdatamodeld;
			sourceTree = "<group>";
			versionGroupType = wrapper.xcdatamodel;
		};
/* End XCVersionGroup section */
	};
	rootObject = BFA9729D27C1BA980021747D /* Project object */;
}
